// !$*UTF8*$!
{
	archiveVersion = 1;
	classes = {
	};
	objectVersion = 56;
	objects = {

/* Begin PBXBuildFile section */
		D6DB64902AD223CE008157E7 /* AppDelegate.swift in Sources */ = {isa = PBXBuildFile; fileRef = D6DB648F2AD223CE008157E7 /* AppDelegate.swift */; };
		D6DB64922AD223CE008157E7 /* SceneDelegate.swift in Sources */ = {isa = PBXBuildFile; fileRef = D6DB64912AD223CE008157E7 /* SceneDelegate.swift */; };
		D6DB64992AD223CF008157E7 /* Assets.xcassets in Resources */ = {isa = PBXBuildFile; fileRef = D6DB64982AD223CF008157E7 /* Assets.xcassets */; };
		D6DB649C2AD223CF008157E7 /* LaunchScreen.storyboard in Resources */ = {isa = PBXBuildFile; fileRef = D6DB649A2AD223CF008157E7 /* LaunchScreen.storyboard */; };
		D6DB64B62AD23DB1008157E7 /* SplashViewController.swift in Sources */ = {isa = PBXBuildFile; fileRef = D6DB64B42AD23DB1008157E7 /* SplashViewController.swift */; };
		D6DB64B72AD23DB1008157E7 /* SplashViewController.xib in Resources */ = {isa = PBXBuildFile; fileRef = D6DB64B52AD23DB1008157E7 /* SplashViewController.xib */; };
		D6DB64B92AD24644008157E7 /* SplashViewModel.swift in Sources */ = {isa = PBXBuildFile; fileRef = D6DB64B82AD24644008157E7 /* SplashViewModel.swift */; };
		D6DB64BC2AD2468C008157E7 /* SplashViewModelProtocol.swift in Sources */ = {isa = PBXBuildFile; fileRef = D6DB64BB2AD2468C008157E7 /* SplashViewModelProtocol.swift */; };
		D6DB64BE2AD24872008157E7 /* SplashViewProtocol.swift in Sources */ = {isa = PBXBuildFile; fileRef = D6DB64BD2AD24872008157E7 /* SplashViewProtocol.swift */; };
		D6DB64C12AD255AF008157E7 /* HomeTableViewController.swift in Sources */ = {isa = PBXBuildFile; fileRef = D6DB64BF2AD255AF008157E7 /* HomeTableViewController.swift */; };
		D6DB64C22AD255AF008157E7 /* HomeTableViewController.xib in Resources */ = {isa = PBXBuildFile; fileRef = D6DB64C02AD255AF008157E7 /* HomeTableViewController.xib */; };
		D6DB64C52AD2604E008157E7 /* DetailCharacterModel.swift in Sources */ = {isa = PBXBuildFile; fileRef = D6DB64C42AD2604E008157E7 /* DetailCharacterModel.swift */; };
		D6DB64C82AD260A7008157E7 /* CharactersDataProvider.swift in Sources */ = {isa = PBXBuildFile; fileRef = D6DB64C72AD260A7008157E7 /* CharactersDataProvider.swift */; };
		D6DB64CA2AD26242008157E7 /* CharacterProtocol.swift in Sources */ = {isa = PBXBuildFile; fileRef = D6DB64C92AD26242008157E7 /* CharacterProtocol.swift */; };
		D6DB64CC2AD26348008157E7 /* HomeCharacterModel.swift in Sources */ = {isa = PBXBuildFile; fileRef = D6DB64CB2AD26348008157E7 /* HomeCharacterModel.swift */; };
		D6DB64CE2AD26401008157E7 /* HomeViewModel.swift in Sources */ = {isa = PBXBuildFile; fileRef = D6DB64CD2AD26401008157E7 /* HomeViewModel.swift */; };
		D6DB64D12AD26444008157E7 /* HomeViewModelProtocol.swift in Sources */ = {isa = PBXBuildFile; fileRef = D6DB64D02AD26444008157E7 /* HomeViewModelProtocol.swift */; };
		D6DB64D32AD2659A008157E7 /* HomeViewProtocol.swift in Sources */ = {isa = PBXBuildFile; fileRef = D6DB64D22AD2659A008157E7 /* HomeViewProtocol.swift */; };
		D6DB64DA2AD26F38008157E7 /* HomeCellTableViewCell.swift in Sources */ = {isa = PBXBuildFile; fileRef = D6DB64D82AD26F38008157E7 /* HomeCellTableViewCell.swift */; };
		D6DB64DB2AD26F38008157E7 /* HomeCellTableViewCell.xib in Resources */ = {isa = PBXBuildFile; fileRef = D6DB64D92AD26F38008157E7 /* HomeCellTableViewCell.xib */; };
		D6DB64DE2AD27BE4008157E7 /* DetailViewController.swift in Sources */ = {isa = PBXBuildFile; fileRef = D6DB64DC2AD27BE4008157E7 /* DetailViewController.swift */; };
		D6DB64DF2AD27BE4008157E7 /* DetailViewController.xib in Resources */ = {isa = PBXBuildFile; fileRef = D6DB64DD2AD27BE4008157E7 /* DetailViewController.xib */; };
/* End PBXBuildFile section */

/* Begin PBXFileReference section */
		D6DB648C2AD223CE008157E7 /* TheSimpsonsAppPatterns.app */ = {isa = PBXFileReference; explicitFileType = wrapper.application; includeInIndex = 0; path = TheSimpsonsAppPatterns.app; sourceTree = BUILT_PRODUCTS_DIR; };
		D6DB648F2AD223CE008157E7 /* AppDelegate.swift */ = {isa = PBXFileReference; lastKnownFileType = sourcecode.swift; path = AppDelegate.swift; sourceTree = "<group>"; };
		D6DB64912AD223CE008157E7 /* SceneDelegate.swift */ = {isa = PBXFileReference; lastKnownFileType = sourcecode.swift; path = SceneDelegate.swift; sourceTree = "<group>"; };
		D6DB64982AD223CF008157E7 /* Assets.xcassets */ = {isa = PBXFileReference; lastKnownFileType = folder.assetcatalog; path = Assets.xcassets; sourceTree = "<group>"; };
		D6DB649B2AD223CF008157E7 /* Base */ = {isa = PBXFileReference; lastKnownFileType = file.storyboard; name = Base; path = Base.lproj/LaunchScreen.storyboard; sourceTree = "<group>"; };
		D6DB649D2AD223CF008157E7 /* Info.plist */ = {isa = PBXFileReference; lastKnownFileType = text.plist.xml; path = Info.plist; sourceTree = "<group>"; };
		D6DB64B42AD23DB1008157E7 /* SplashViewController.swift */ = {isa = PBXFileReference; lastKnownFileType = sourcecode.swift; path = SplashViewController.swift; sourceTree = "<group>"; };
		D6DB64B52AD23DB1008157E7 /* SplashViewController.xib */ = {isa = PBXFileReference; lastKnownFileType = file.xib; path = SplashViewController.xib; sourceTree = "<group>"; };
		D6DB64B82AD24644008157E7 /* SplashViewModel.swift */ = {isa = PBXFileReference; lastKnownFileType = sourcecode.swift; path = SplashViewModel.swift; sourceTree = "<group>"; };
		D6DB64BB2AD2468C008157E7 /* SplashViewModelProtocol.swift */ = {isa = PBXFileReference; lastKnownFileType = sourcecode.swift; path = SplashViewModelProtocol.swift; sourceTree = "<group>"; };
		D6DB64BD2AD24872008157E7 /* SplashViewProtocol.swift */ = {isa = PBXFileReference; lastKnownFileType = sourcecode.swift; path = SplashViewProtocol.swift; sourceTree = "<group>"; };
		D6DB64BF2AD255AF008157E7 /* HomeTableViewController.swift */ = {isa = PBXFileReference; lastKnownFileType = sourcecode.swift; path = HomeTableViewController.swift; sourceTree = "<group>"; };
		D6DB64C02AD255AF008157E7 /* HomeTableViewController.xib */ = {isa = PBXFileReference; lastKnownFileType = file.xib; path = HomeTableViewController.xib; sourceTree = "<group>"; };
		D6DB64C42AD2604E008157E7 /* DetailCharacterModel.swift */ = {isa = PBXFileReference; lastKnownFileType = sourcecode.swift; path = DetailCharacterModel.swift; sourceTree = "<group>"; };
		D6DB64C72AD260A7008157E7 /* CharactersDataProvider.swift */ = {isa = PBXFileReference; lastKnownFileType = sourcecode.swift; path = CharactersDataProvider.swift; sourceTree = "<group>"; };
		D6DB64C92AD26242008157E7 /* CharacterProtocol.swift */ = {isa = PBXFileReference; lastKnownFileType = sourcecode.swift; path = CharacterProtocol.swift; sourceTree = "<group>"; };
		D6DB64CB2AD26348008157E7 /* HomeCharacterModel.swift */ = {isa = PBXFileReference; lastKnownFileType = sourcecode.swift; path = HomeCharacterModel.swift; sourceTree = "<group>"; };
		D6DB64CD2AD26401008157E7 /* HomeViewModel.swift */ = {isa = PBXFileReference; lastKnownFileType = sourcecode.swift; path = HomeViewModel.swift; sourceTree = "<group>"; };
		D6DB64D02AD26444008157E7 /* HomeViewModelProtocol.swift */ = {isa = PBXFileReference; lastKnownFileType = sourcecode.swift; path = HomeViewModelProtocol.swift; sourceTree = "<group>"; };
		D6DB64D22AD2659A008157E7 /* HomeViewProtocol.swift */ = {isa = PBXFileReference; lastKnownFileType = sourcecode.swift; path = HomeViewProtocol.swift; sourceTree = "<group>"; };
		D6DB64D82AD26F38008157E7 /* HomeCellTableViewCell.swift */ = {isa = PBXFileReference; lastKnownFileType = sourcecode.swift; path = HomeCellTableViewCell.swift; sourceTree = "<group>"; };
		D6DB64D92AD26F38008157E7 /* HomeCellTableViewCell.xib */ = {isa = PBXFileReference; lastKnownFileType = file.xib; path = HomeCellTableViewCell.xib; sourceTree = "<group>"; };
		D6DB64DC2AD27BE4008157E7 /* DetailViewController.swift */ = {isa = PBXFileReference; lastKnownFileType = sourcecode.swift; path = DetailViewController.swift; sourceTree = "<group>"; };
		D6DB64DD2AD27BE4008157E7 /* DetailViewController.xib */ = {isa = PBXFileReference; lastKnownFileType = file.xib; path = DetailViewController.xib; sourceTree = "<group>"; };
/* End PBXFileReference section */

/* Begin PBXFrameworksBuildPhase section */
		D6DB64892AD223CE008157E7 /* Frameworks */ = {
			isa = PBXFrameworksBuildPhase;
			buildActionMask = 2147483647;
			files = (
			);
			runOnlyForDeploymentPostprocessing = 0;
		};
/* End PBXFrameworksBuildPhase section */

/* Begin PBXGroup section */
		D6DB64832AD223CE008157E7 = {
			isa = PBXGroup;
			children = (
				D6DB648E2AD223CE008157E7 /* TheSimpsonsAppPatterns */,
				D6DB648D2AD223CE008157E7 /* Products */,
			);
			sourceTree = "<group>";
		};
		D6DB648D2AD223CE008157E7 /* Products */ = {
			isa = PBXGroup;
			children = (
				D6DB648C2AD223CE008157E7 /* TheSimpsonsAppPatterns.app */,
			);
			name = Products;
			sourceTree = "<group>";
		};
		D6DB648E2AD223CE008157E7 /* TheSimpsonsAppPatterns */ = {
			isa = PBXGroup;
			children = (
				D6DB64A32AD23C5E008157E7 /* App */,
				D6DB64A62AD23CA4008157E7 /* Domain */,
				D6DB64A52AD23C84008157E7 /* Resources */,
				D6DB64A42AD23C62008157E7 /* UI */,
				D6DB649D2AD223CF008157E7 /* Info.plist */,
			);
			path = TheSimpsonsAppPatterns;
			sourceTree = "<group>";
		};
		D6DB64A32AD23C5E008157E7 /* App */ = {
			isa = PBXGroup;
			children = (
				D6DB648F2AD223CE008157E7 /* AppDelegate.swift */,
				D6DB64912AD223CE008157E7 /* SceneDelegate.swift */,
			);
			path = App;
			sourceTree = "<group>";
		};
		D6DB64A42AD23C62008157E7 /* UI */ = {
			isa = PBXGroup;
			children = (
				D6DB64A92AD23CBB008157E7 /* Detail */,
				D6DB64A82AD23CB5008157E7 /* Home */,
				D6DB64A72AD23CAA008157E7 /* Splash */,
			);
			path = UI;
			sourceTree = "<group>";
		};
		D6DB64A52AD23C84008157E7 /* Resources */ = {
			isa = PBXGroup;
			children = (
				D6DB64982AD223CF008157E7 /* Assets.xcassets */,
			);
			path = Resources;
			sourceTree = "<group>";
		};
		D6DB64A62AD23CA4008157E7 /* Domain */ = {
			isa = PBXGroup;
			children = (
				D6DB64C62AD26082008157E7 /* DataProviders */,
				D6DB64C32AD26036008157E7 /* Models */,
				D6DB64B32AD23D72008157E7 /* Protocols */,
			);
			path = Domain;
			sourceTree = "<group>";
		};
		D6DB64A72AD23CAA008157E7 /* Splash */ = {
			isa = PBXGroup;
			children = (
				D6DB64AA2AD23CEE008157E7 /* Controller */,
				D6DB64AB2AD23CF5008157E7 /* View */,
				D6DB64AC2AD23CFC008157E7 /* ViewModel */,
			);
			path = Splash;
			sourceTree = "<group>";
		};
		D6DB64A82AD23CB5008157E7 /* Home */ = {
			isa = PBXGroup;
			children = (
				D6DB64AF2AD23D4D008157E7 /* Controller */,
				D6DB64AE2AD23D48008157E7 /* View */,
				D6DB64AD2AD23D42008157E7 /* ViewModel */,
			);
			path = Home;
			sourceTree = "<group>";
		};
		D6DB64A92AD23CBB008157E7 /* Detail */ = {
			isa = PBXGroup;
			children = (
				D6DB64B22AD23D61008157E7 /* Controller */,
				D6DB64B12AD23D59008157E7 /* View */,
				D6DB64B02AD23D53008157E7 /* ViewModel */,
			);
			path = Detail;
			sourceTree = "<group>";
		};
		D6DB64AA2AD23CEE008157E7 /* Controller */ = {
			isa = PBXGroup;
			children = (
				D6DB64B42AD23DB1008157E7 /* SplashViewController.swift */,
			);
			path = Controller;
			sourceTree = "<group>";
		};
		D6DB64AB2AD23CF5008157E7 /* View */ = {
			isa = PBXGroup;
			children = (
				D6DB649A2AD223CF008157E7 /* LaunchScreen.storyboard */,
				D6DB64B52AD23DB1008157E7 /* SplashViewController.xib */,
			);
			path = View;
			sourceTree = "<group>";
		};
		D6DB64AC2AD23CFC008157E7 /* ViewModel */ = {
			isa = PBXGroup;
			children = (
				D6DB64B82AD24644008157E7 /* SplashViewModel.swift */,
			);
			path = ViewModel;
			sourceTree = "<group>";
		};
		D6DB64AD2AD23D42008157E7 /* ViewModel */ = {
			isa = PBXGroup;
			children = (
				D6DB64CD2AD26401008157E7 /* HomeViewModel.swift */,
			);
			path = ViewModel;
			sourceTree = "<group>";
		};
		D6DB64AE2AD23D48008157E7 /* View */ = {
			isa = PBXGroup;
			children = (
				D6DB64C02AD255AF008157E7 /* HomeTableViewController.xib */,
				D6DB64D92AD26F38008157E7 /* HomeCellTableViewCell.xib */,
			);
			path = View;
			sourceTree = "<group>";
		};
		D6DB64AF2AD23D4D008157E7 /* Controller */ = {
			isa = PBXGroup;
			children = (
				D6DB64BF2AD255AF008157E7 /* HomeTableViewController.swift */,
				D6DB64D82AD26F38008157E7 /* HomeCellTableViewCell.swift */,
			);
			path = Controller;
			sourceTree = "<group>";
		};
		D6DB64B02AD23D53008157E7 /* ViewModel */ = {
			isa = PBXGroup;
			children = (
			);
			path = ViewModel;
			sourceTree = "<group>";
		};
		D6DB64B12AD23D59008157E7 /* View */ = {
			isa = PBXGroup;
			children = (
				D6DB64DD2AD27BE4008157E7 /* DetailViewController.xib */,
			);
			path = View;
			sourceTree = "<group>";
		};
		D6DB64B22AD23D61008157E7 /* Controller */ = {
			isa = PBXGroup;
			children = (
				D6DB64DC2AD27BE4008157E7 /* DetailViewController.swift */,
			);
			path = Controller;
			sourceTree = "<group>";
		};
		D6DB64B32AD23D72008157E7 /* Protocols */ = {
			isa = PBXGroup;
			children = (
				D6DB64CF2AD2642A008157E7 /* Home */,
				D6DB64BA2AD24670008157E7 /* Splash */,
				D6DB64C92AD26242008157E7 /* CharacterProtocol.swift */,
			);
			path = Protocols;
			sourceTree = "<group>";
		};
		D6DB64BA2AD24670008157E7 /* Splash */ = {
			isa = PBXGroup;
			children = (
				D6DB64BB2AD2468C008157E7 /* SplashViewModelProtocol.swift */,
				D6DB64BD2AD24872008157E7 /* SplashViewProtocol.swift */,
			);
			path = Splash;
			sourceTree = "<group>";
		};
		D6DB64C32AD26036008157E7 /* Models */ = {
			isa = PBXGroup;
			children = (
				D6DB64C42AD2604E008157E7 /* DetailCharacterModel.swift */,
				D6DB64CB2AD26348008157E7 /* HomeCharacterModel.swift */,
			);
			path = Models;
			sourceTree = "<group>";
		};
		D6DB64C62AD26082008157E7 /* DataProviders */ = {
			isa = PBXGroup;
			children = (
				D6DB64C72AD260A7008157E7 /* CharactersDataProvider.swift */,
			);
			path = DataProviders;
			sourceTree = "<group>";
		};
		D6DB64CF2AD2642A008157E7 /* Home */ = {
			isa = PBXGroup;
			children = (
				D6DB64D02AD26444008157E7 /* HomeViewModelProtocol.swift */,
				D6DB64D22AD2659A008157E7 /* HomeViewProtocol.swift */,
			);
			path = Home;
			sourceTree = "<group>";
		};
/* End PBXGroup section */

/* Begin PBXNativeTarget section */
		D6DB648B2AD223CE008157E7 /* TheSimpsonsAppPatterns */ = {
			isa = PBXNativeTarget;
			buildConfigurationList = D6DB64A02AD223CF008157E7 /* Build configuration list for PBXNativeTarget "TheSimpsonsAppPatterns" */;
			buildPhases = (
				D6DB64882AD223CE008157E7 /* Sources */,
				D6DB64892AD223CE008157E7 /* Frameworks */,
				D6DB648A2AD223CE008157E7 /* Resources */,
			);
			buildRules = (
			);
			dependencies = (
			);
			name = TheSimpsonsAppPatterns;
			productName = TheSimpsonsAppPatterns;
			productReference = D6DB648C2AD223CE008157E7 /* TheSimpsonsAppPatterns.app */;
			productType = "com.apple.product-type.application";
		};
/* End PBXNativeTarget section */

/* Begin PBXProject section */
		D6DB64842AD223CE008157E7 /* Project object */ = {
			isa = PBXProject;
			attributes = {
				BuildIndependentTargetsInParallel = 1;
				LastSwiftUpdateCheck = 1500;
				LastUpgradeCheck = 1500;
				TargetAttributes = {
					D6DB648B2AD223CE008157E7 = {
						CreatedOnToolsVersion = 15.0;
					};
				};
			};
			buildConfigurationList = D6DB64872AD223CE008157E7 /* Build configuration list for PBXProject "TheSimpsonsAppPatterns" */;
			compatibilityVersion = "Xcode 14.0";
			developmentRegion = en;
			hasScannedForEncodings = 0;
			knownRegions = (
				en,
				Base,
			);
			mainGroup = D6DB64832AD223CE008157E7;
			productRefGroup = D6DB648D2AD223CE008157E7 /* Products */;
			projectDirPath = "";
			projectRoot = "";
			targets = (
				D6DB648B2AD223CE008157E7 /* TheSimpsonsAppPatterns */,
			);
		};
/* End PBXProject section */

/* Begin PBXResourcesBuildPhase section */
		D6DB648A2AD223CE008157E7 /* Resources */ = {
			isa = PBXResourcesBuildPhase;
			buildActionMask = 2147483647;
			files = (
				D6DB64C22AD255AF008157E7 /* HomeTableViewController.xib in Resources */,
				D6DB64DF2AD27BE4008157E7 /* DetailViewController.xib in Resources */,
				D6DB64DB2AD26F38008157E7 /* HomeCellTableViewCell.xib in Resources */,
				D6DB649C2AD223CF008157E7 /* LaunchScreen.storyboard in Resources */,
				D6DB64B72AD23DB1008157E7 /* SplashViewController.xib in Resources */,
				D6DB64992AD223CF008157E7 /* Assets.xcassets in Resources */,
			);
			runOnlyForDeploymentPostprocessing = 0;
		};
/* End PBXResourcesBuildPhase section */

/* Begin PBXSourcesBuildPhase section */
		D6DB64882AD223CE008157E7 /* Sources */ = {
			isa = PBXSourcesBuildPhase;
			buildActionMask = 2147483647;
			files = (
				D6DB64C82AD260A7008157E7 /* CharactersDataProvider.swift in Sources */,
				D6DB64CA2AD26242008157E7 /* CharacterProtocol.swift in Sources */,
				D6DB64DA2AD26F38008157E7 /* HomeCellTableViewCell.swift in Sources */,
				D6DB64BC2AD2468C008157E7 /* SplashViewModelProtocol.swift in Sources */,
				D6DB64BE2AD24872008157E7 /* SplashViewProtocol.swift in Sources */,
				D6DB64B62AD23DB1008157E7 /* SplashViewController.swift in Sources */,
				D6DB64902AD223CE008157E7 /* AppDelegate.swift in Sources */,
				D6DB64DE2AD27BE4008157E7 /* DetailViewController.swift in Sources */,
				D6DB64D12AD26444008157E7 /* HomeViewModelProtocol.swift in Sources */,
				D6DB64C12AD255AF008157E7 /* HomeTableViewController.swift in Sources */,
				D6DB64CE2AD26401008157E7 /* HomeViewModel.swift in Sources */,
				D6DB64C52AD2604E008157E7 /* DetailCharacterModel.swift in Sources */,
				D6DB64CC2AD26348008157E7 /* HomeCharacterModel.swift in Sources */,
				D6DB64D32AD2659A008157E7 /* HomeViewProtocol.swift in Sources */,
				D6DB64922AD223CE008157E7 /* SceneDelegate.swift in Sources */,
				D6DB64B92AD24644008157E7 /* SplashViewModel.swift in Sources */,
			);
			runOnlyForDeploymentPostprocessing = 0;
		};
/* End PBXSourcesBuildPhase section */

/* Begin PBXVariantGroup section */
		D6DB649A2AD223CF008157E7 /* LaunchScreen.storyboard */ = {
			isa = PBXVariantGroup;
			children = (
				D6DB649B2AD223CF008157E7 /* Base */,
			);
			name = LaunchScreen.storyboard;
			sourceTree = "<group>";
		};
/* End PBXVariantGroup section */

/* Begin XCBuildConfiguration section */
		D6DB649E2AD223CF008157E7 /* Debug */ = {
			isa = XCBuildConfiguration;
			buildSettings = {
				ALWAYS_SEARCH_USER_PATHS = NO;
				ASSETCATALOG_COMPILER_GENERATE_SWIFT_ASSET_SYMBOL_EXTENSIONS = YES;
				CLANG_ANALYZER_NONNULL = YES;
				CLANG_ANALYZER_NUMBER_OBJECT_CONVERSION = YES_AGGRESSIVE;
				CLANG_CXX_LANGUAGE_STANDARD = "gnu++20";
				CLANG_ENABLE_MODULES = YES;
				CLANG_ENABLE_OBJC_ARC = YES;
				CLANG_ENABLE_OBJC_WEAK = YES;
				CLANG_WARN_BLOCK_CAPTURE_AUTORELEASING = YES;
				CLANG_WARN_BOOL_CONVERSION = YES;
				CLANG_WARN_COMMA = YES;
				CLANG_WARN_CONSTANT_CONVERSION = YES;
				CLANG_WARN_DEPRECATED_OBJC_IMPLEMENTATIONS = YES;
				CLANG_WARN_DIRECT_OBJC_ISA_USAGE = YES_ERROR;
				CLANG_WARN_DOCUMENTATION_COMMENTS = YES;
				CLANG_WARN_EMPTY_BODY = YES;
				CLANG_WARN_ENUM_CONVERSION = YES;
				CLANG_WARN_INFINITE_RECURSION = YES;
				CLANG_WARN_INT_CONVERSION = YES;
				CLANG_WARN_NON_LITERAL_NULL_CONVERSION = YES;
				CLANG_WARN_OBJC_IMPLICIT_RETAIN_SELF = YES;
				CLANG_WARN_OBJC_LITERAL_CONVERSION = YES;
				CLANG_WARN_OBJC_ROOT_CLASS = YES_ERROR;
				CLANG_WARN_QUOTED_INCLUDE_IN_FRAMEWORK_HEADER = YES;
				CLANG_WARN_RANGE_LOOP_ANALYSIS = YES;
				CLANG_WARN_STRICT_PROTOTYPES = YES;
				CLANG_WARN_SUSPICIOUS_MOVE = YES;
				CLANG_WARN_UNGUARDED_AVAILABILITY = YES_AGGRESSIVE;
				CLANG_WARN_UNREACHABLE_CODE = YES;
				CLANG_WARN__DUPLICATE_METHOD_MATCH = YES;
				COPY_PHASE_STRIP = NO;
				DEBUG_INFORMATION_FORMAT = dwarf;
				ENABLE_STRICT_OBJC_MSGSEND = YES;
				ENABLE_TESTABILITY = YES;
				ENABLE_USER_SCRIPT_SANDBOXING = YES;
				GCC_C_LANGUAGE_STANDARD = gnu17;
				GCC_DYNAMIC_NO_PIC = NO;
				GCC_NO_COMMON_BLOCKS = YES;
				GCC_OPTIMIZATION_LEVEL = 0;
				GCC_PREPROCESSOR_DEFINITIONS = (
					"DEBUG=1",
					"$(inherited)",
				);
				GCC_WARN_64_TO_32_BIT_CONVERSION = YES;
				GCC_WARN_ABOUT_RETURN_TYPE = YES_ERROR;
				GCC_WARN_UNDECLARED_SELECTOR = YES;
				GCC_WARN_UNINITIALIZED_AUTOS = YES_AGGRESSIVE;
				GCC_WARN_UNUSED_FUNCTION = YES;
				GCC_WARN_UNUSED_VARIABLE = YES;
				IPHONEOS_DEPLOYMENT_TARGET = 17.0;
				LOCALIZATION_PREFERS_STRING_CATALOGS = YES;
				MTL_ENABLE_DEBUG_INFO = INCLUDE_SOURCE;
				MTL_FAST_MATH = YES;
				ONLY_ACTIVE_ARCH = YES;
				SDKROOT = iphoneos;
				SWIFT_ACTIVE_COMPILATION_CONDITIONS = "DEBUG $(inherited)";
				SWIFT_OPTIMIZATION_LEVEL = "-Onone";
			};
			name = Debug;
		};
		D6DB649F2AD223CF008157E7 /* Release */ = {
			isa = XCBuildConfiguration;
			buildSettings = {
				ALWAYS_SEARCH_USER_PATHS = NO;
				ASSETCATALOG_COMPILER_GENERATE_SWIFT_ASSET_SYMBOL_EXTENSIONS = YES;
				CLANG_ANALYZER_NONNULL = YES;
				CLANG_ANALYZER_NUMBER_OBJECT_CONVERSION = YES_AGGRESSIVE;
				CLANG_CXX_LANGUAGE_STANDARD = "gnu++20";
				CLANG_ENABLE_MODULES = YES;
				CLANG_ENABLE_OBJC_ARC = YES;
				CLANG_ENABLE_OBJC_WEAK = YES;
				CLANG_WARN_BLOCK_CAPTURE_AUTORELEASING = YES;
				CLANG_WARN_BOOL_CONVERSION = YES;
				CLANG_WARN_COMMA = YES;
				CLANG_WARN_CONSTANT_CONVERSION = YES;
				CLANG_WARN_DEPRECATED_OBJC_IMPLEMENTATIONS = YES;
				CLANG_WARN_DIRECT_OBJC_ISA_USAGE = YES_ERROR;
				CLANG_WARN_DOCUMENTATION_COMMENTS = YES;
				CLANG_WARN_EMPTY_BODY = YES;
				CLANG_WARN_ENUM_CONVERSION = YES;
				CLANG_WARN_INFINITE_RECURSION = YES;
				CLANG_WARN_INT_CONVERSION = YES;
				CLANG_WARN_NON_LITERAL_NULL_CONVERSION = YES;
				CLANG_WARN_OBJC_IMPLICIT_RETAIN_SELF = YES;
				CLANG_WARN_OBJC_LITERAL_CONVERSION = YES;
				CLANG_WARN_OBJC_ROOT_CLASS = YES_ERROR;
				CLANG_WARN_QUOTED_INCLUDE_IN_FRAMEWORK_HEADER = YES;
				CLANG_WARN_RANGE_LOOP_ANALYSIS = YES;
				CLANG_WARN_STRICT_PROTOTYPES = YES;
				CLANG_WARN_SUSPICIOUS_MOVE = YES;
				CLANG_WARN_UNGUARDED_AVAILABILITY = YES_AGGRESSIVE;
				CLANG_WARN_UNREACHABLE_CODE = YES;
				CLANG_WARN__DUPLICATE_METHOD_MATCH = YES;
				COPY_PHASE_STRIP = NO;
				DEBUG_INFORMATION_FORMAT = "dwarf-with-dsym";
				ENABLE_NS_ASSERTIONS = NO;
				ENABLE_STRICT_OBJC_MSGSEND = YES;
				ENABLE_USER_SCRIPT_SANDBOXING = YES;
				GCC_C_LANGUAGE_STANDARD = gnu17;
				GCC_NO_COMMON_BLOCKS = YES;
				GCC_WARN_64_TO_32_BIT_CONVERSION = YES;
				GCC_WARN_ABOUT_RETURN_TYPE = YES_ERROR;
				GCC_WARN_UNDECLARED_SELECTOR = YES;
				GCC_WARN_UNINITIALIZED_AUTOS = YES_AGGRESSIVE;
				GCC_WARN_UNUSED_FUNCTION = YES;
				GCC_WARN_UNUSED_VARIABLE = YES;
				IPHONEOS_DEPLOYMENT_TARGET = 17.0;
				LOCALIZATION_PREFERS_STRING_CATALOGS = YES;
				MTL_ENABLE_DEBUG_INFO = NO;
				MTL_FAST_MATH = YES;
				SDKROOT = iphoneos;
				SWIFT_COMPILATION_MODE = wholemodule;
				VALIDATE_PRODUCT = YES;
			};
			name = Release;
		};
		D6DB64A12AD223CF008157E7 /* Debug */ = {
			isa = XCBuildConfiguration;
			buildSettings = {
				ASSETCATALOG_COMPILER_APPICON_NAME = AppIcon;
				ASSETCATALOG_COMPILER_GLOBAL_ACCENT_COLOR_NAME = AccentColor;
				CODE_SIGN_STYLE = Automatic;
				CURRENT_PROJECT_VERSION = 1;
				DEVELOPMENT_TEAM = KK7C9KD449;
				GENERATE_INFOPLIST_FILE = YES;
				INFOPLIST_FILE = TheSimpsonsAppPatterns/Info.plist;
				INFOPLIST_KEY_UIApplicationSupportsIndirectInputEvents = YES;
				INFOPLIST_KEY_UILaunchStoryboardName = LaunchScreen;
				INFOPLIST_KEY_UISupportedInterfaceOrientations_iPad = "UIInterfaceOrientationPortrait UIInterfaceOrientationPortraitUpsideDown UIInterfaceOrientationLandscapeLeft UIInterfaceOrientationLandscapeRight";
				INFOPLIST_KEY_UISupportedInterfaceOrientations_iPhone = "UIInterfaceOrientationPortrait UIInterfaceOrientationLandscapeLeft UIInterfaceOrientationLandscapeRight";
				LD_RUNPATH_SEARCH_PATHS = (
					"$(inherited)",
					"@executable_path/Frameworks",
				);
				MARKETING_VERSION = 1.0;
				PRODUCT_BUNDLE_IDENTIFIER = "com.gonzalo-gregorio.TheSimpsonsAppPatterns";
				PRODUCT_NAME = "$(TARGET_NAME)";
				SWIFT_EMIT_LOC_STRINGS = YES;
				SWIFT_VERSION = 5.0;
				TARGETED_DEVICE_FAMILY = "1,2";
			};
			name = Debug;
		};
		D6DB64A22AD223CF008157E7 /* Release */ = {
			isa = XCBuildConfiguration;
			buildSettings = {
				ASSETCATALOG_COMPILER_APPICON_NAME = AppIcon;
				ASSETCATALOG_COMPILER_GLOBAL_ACCENT_COLOR_NAME = AccentColor;
				CODE_SIGN_STYLE = Automatic;
				CURRENT_PROJECT_VERSION = 1;
				DEVELOPMENT_TEAM = KK7C9KD449;
				GENERATE_INFOPLIST_FILE = YES;
				INFOPLIST_FILE = TheSimpsonsAppPatterns/Info.plist;
				INFOPLIST_KEY_UIApplicationSupportsIndirectInputEvents = YES;
				INFOPLIST_KEY_UILaunchStoryboardName = LaunchScreen;
				INFOPLIST_KEY_UISupportedInterfaceOrientations_iPad = "UIInterfaceOrientationPortrait UIInterfaceOrientationPortraitUpsideDown UIInterfaceOrientationLandscapeLeft UIInterfaceOrientationLandscapeRight";
				INFOPLIST_KEY_UISupportedInterfaceOrientations_iPhone = "UIInterfaceOrientationPortrait UIInterfaceOrientationLandscapeLeft UIInterfaceOrientationLandscapeRight";
				LD_RUNPATH_SEARCH_PATHS = (
					"$(inherited)",
					"@executable_path/Frameworks",
				);
				MARKETING_VERSION = 1.0;
				PRODUCT_BUNDLE_IDENTIFIER = "com.gonzalo-gregorio.TheSimpsonsAppPatterns";
				PRODUCT_NAME = "$(TARGET_NAME)";
				SWIFT_EMIT_LOC_STRINGS = YES;
				SWIFT_VERSION = 5.0;
				TARGETED_DEVICE_FAMILY = "1,2";
			};
			name = Release;
		};
/* End XCBuildConfiguration section */

/* Begin XCConfigurationList section */
		D6DB64872AD223CE008157E7 /* Build configuration list for PBXProject "TheSimpsonsAppPatterns" */ = {
			isa = XCConfigurationList;
			buildConfigurations = (
				D6DB649E2AD223CF008157E7 /* Debug */,
				D6DB649F2AD223CF008157E7 /* Release */,
			);
			defaultConfigurationIsVisible = 0;
			defaultConfigurationName = Release;
		};
		D6DB64A02AD223CF008157E7 /* Build configuration list for PBXNativeTarget "TheSimpsonsAppPatterns" */ = {
			isa = XCConfigurationList;
			buildConfigurations = (
				D6DB64A12AD223CF008157E7 /* Debug */,
				D6DB64A22AD223CF008157E7 /* Release */,
			);
			defaultConfigurationIsVisible = 0;
			defaultConfigurationName = Release;
		};
/* End XCConfigurationList section */
	};
	rootObject = D6DB64842AD223CE008157E7 /* Project object */;
}
